Microsoft Visual Studio Solution File, Format Version 10.00
# Visual Studio 2008
Project("{8BC9CEB8-8B4A-11D0-8D11-00A0C91BC942}") = "ml_online", "ml_online.vcproj", "{E40EADDB-F488-43CE-A451-B0D805C09A94}"
EndProject
Global
	GlobalSection(SolutionConfigurationPlatforms) = preSolution
		Debug|Win32 = Debug|Win32
		Profiling|Win32 = Profiling|Win32
		Release|Win32 = Release|Win32
	EndGlobalSection
	GlobalSection(ProjectConfigurationPlatforms) = postSolution
		{E40EADDB-F488-43CE-A451-B0D805C09A94}.Debug|Win32.ActiveCfg = Debug|Win32
		{E40EADDB-F488-43CE-A451-B0D805C09A94}.Debug|Win32.Build.0 = Debug|Win32
		{E40EADDB-F488-43CE-A451-B0D805C09A94}.Profiling|Win32.ActiveCfg = Profiling|Win32
		{E40EADDB-F488-43CE-A451-B0D805C09A94}.Profiling|Win32.Build.0 = Profiling|Win32
		{E40EADDB-F488-43CE-A451-B0D805C09A94}.Release|Win32.ActiveCfg = Release|Win32
		{E40EADDB-F488-43CE-A451-B0D805C09A94}.Release|Win32.Build.0 = Release|Win32
	EndGlobalSection
	GlobalSection(SolutionProperties) = preSolution
		HideSolutionNode = FALSE
	EndGlobalSection
EndGlobal
