Microsoft Visual Studio Solution File, Format Version 10.00
# Visual Studio 2008
Project("{8BC9CEB8-8B4A-11D0-8D11-00A0C91BC942}") = "in_cdda", "in_cdda.vcproj", "{F514A693-F5AA-4A7F-B091-81A0901C2EF6}"
EndProject
Project("{8BC9CEB8-8B4A-11D0-8D11-00A0C91BC942}") = "nde", "..\nde\nde.vcproj", "{4D25C321-7F8B-424E-9899-D80A364BAF1A}"
EndProject
Global
	GlobalSection(SolutionConfigurationPlatforms) = preSolution
		Debug|Win32 = Debug|Win32
		Release|Win32 = Release|Win32
	EndGlobalSection
	GlobalSection(ProjectConfigurationPlatforms) = postSolution
		{F514A693-F5AA-4A7F-B091-81A0901C2EF6}.Debug|Win32.ActiveCfg = Debug|Win32
		{F514A693-F5AA-4A7F-B091-81A0901C2EF6}.Debug|Win32.Build.0 = Debug|Win32
		{F514A693-F5AA-4A7F-B091-81A0901C2EF6}.Release|Win32.ActiveCfg = Release|Win32
		{F514A693-F5AA-4A7F-B091-81A0901C2EF6}.Release|Win32.Build.0 = Release|Win32
		{4D25C321-7F8B-424E-9899-D80A364BAF1A}.Debug|Win32.ActiveCfg = Debug|Win32
		{4D25C321-7F8B-424E-9899-D80A364BAF1A}.Debug|Win32.Build.0 = Debug|Win32
		{4D25C321-7F8B-424E-9899-D80A364BAF1A}.Release|Win32.ActiveCfg = Release|Win32
		{4D25C321-7F8B-424E-9899-D80A364BAF1A}.Release|Win32.Build.0 = Release|Win32
	EndGlobalSection
	GlobalSection(SolutionProperties) = preSolution
		HideSolutionNode = FALSE
	EndGlobalSection
EndGlobal
