Microsoft Visual Studio Solution File, Format Version 10.00
# Visual Studio 2008
Project("{8BC9CEB8-8B4A-11D0-8D11-00A0C91BC942}") = "alac", "alac.vcproj", "{408D49EC-5673-4056-AD1B-910F00F0645C}"
EndProject
Project("{8BC9CEB8-8B4A-11D0-8D11-00A0C91BC942}") = "libmp4v2", "..\libmp4v2\libmp4v2.vcproj", "{EFB9B882-6A8B-463D-A8E3-A2807AFC5D9F}"
EndProject
Global
	GlobalSection(SolutionConfigurationPlatforms) = preSolution
		Debug|Win32 = Debug|Win32
		Release|Win32 = Release|Win32
	EndGlobalSection
	GlobalSection(ProjectConfigurationPlatforms) = postSolution
		{408D49EC-5673-4056-AD1B-910F00F0645C}.Debug|Win32.ActiveCfg = Debug|Win32
		{408D49EC-5673-4056-AD1B-910F00F0645C}.Debug|Win32.Build.0 = Debug|Win32
		{408D49EC-5673-4056-AD1B-910F00F0645C}.Release|Win32.ActiveCfg = Release|Win32
		{408D49EC-5673-4056-AD1B-910F00F0645C}.Release|Win32.Build.0 = Release|Win32
		{EFB9B882-6A8B-463D-A8E3-A2807AFC5D9F}.Debug|Win32.ActiveCfg = Debug|Win32
		{EFB9B882-6A8B-463D-A8E3-A2807AFC5D9F}.Debug|Win32.Build.0 = Debug|Win32
		{EFB9B882-6A8B-463D-A8E3-A2807AFC5D9F}.Release|Win32.ActiveCfg = Release|Win32
		{EFB9B882-6A8B-463D-A8E3-A2807AFC5D9F}.Release|Win32.Build.0 = Release|Win32
	EndGlobalSection
	GlobalSection(SolutionProperties) = preSolution
		HideSolutionNode = FALSE
	EndGlobalSection
EndGlobal
