Microsoft Visual Studio Solution File, Format Version 10.00
# Visual Studio 2008
Project("{8BC9CEB8-8B4A-11D0-8D11-00A0C91BC942}") = "primo", "primo.vcproj", "{C4BC7BF9-337B-488F-A86A-1B6D76D42B2F}"
EndProject
Global
	GlobalSection(SolutionConfigurationPlatforms) = preSolution
		Debug|Win32 = Debug|Win32
		Release|Win32 = Release|Win32
	EndGlobalSection
	GlobalSection(ProjectConfigurationPlatforms) = postSolution
		{C4BC7BF9-337B-488F-A86A-1B6D76D42B2F}.Debug|Win32.ActiveCfg = Debug|Win32
		{C4BC7BF9-337B-488F-A86A-1B6D76D42B2F}.Debug|Win32.Build.0 = Debug|Win32
		{C4BC7BF9-337B-488F-A86A-1B6D76D42B2F}.Release|Win32.ActiveCfg = Release|Win32
		{C4BC7BF9-337B-488F-A86A-1B6D76D42B2F}.Release|Win32.Build.0 = Release|Win32
	EndGlobalSection
	GlobalSection(SolutionProperties) = preSolution
		HideSolutionNode = FALSE
	EndGlobalSection
EndGlobal
