Microsoft Visual Studio Solution File, Format Version 8.00
Project("{8BC9CEB8-8B4A-11D0-8D11-00A0C91BC942}") = "gen_talkback", "gen_talkback.vcproj", "{AFA88CD8-8423-4BDE-9D6E-935153006DA0}"
	ProjectSection(ProjectDependencies) = postProject
	EndProjectSection
EndProject
Global
	GlobalSection(SolutionConfiguration) = preSolution
		Debug = Debug
		Release = Release
	EndGlobalSection
	GlobalSection(ProjectDependencies) = postSolution
	EndGlobalSection
	GlobalSection(ProjectConfiguration) = postSolution
		{AFA88CD8-8423-4BDE-9D6E-935153006DA0}.Debug.ActiveCfg = Debug|Win32
		{AFA88CD8-8423-4BDE-9D6E-935153006DA0}.Debug.Build.0 = Debug|Win32
		{AFA88CD8-8423-4BDE-9D6E-935153006DA0}.Release.ActiveCfg = Release|Win32
		{AFA88CD8-8423-4BDE-9D6E-935153006DA0}.Release.Build.0 = Release|Win32
	EndGlobalSection
	GlobalSection(ExtensibilityGlobals) = postSolution
	EndGlobalSection
	GlobalSection(ExtensibilityAddIns) = postSolution
	EndGlobalSection
EndGlobal
