Microsoft Visual Studio Solution File, Format Version 10.00
# Visual Studio 2008
Project("{8BC9CEB8-8B4A-11D0-8D11-00A0C91BC942}") = "timer", "timer.vcproj", "{C7C45E25-5C76-4F59-AEBD-992CEC2A5C2E}"
EndProject
Project("{8BC9CEB8-8B4A-11D0-8D11-00A0C91BC942}") = "bfc", "..\Wasabi\bfc\bfc.vcproj", "{D0EC862E-DDDD-4F4F-934F-B75DC9062DC1}"
EndProject
Global
	GlobalSection(SolutionConfigurationPlatforms) = preSolution
		Debug|Win32 = Debug|Win32
		Release|Win32 = Release|Win32
	EndGlobalSection
	GlobalSection(ProjectConfigurationPlatforms) = postSolution
		{C7C45E25-5C76-4F59-AEBD-992CEC2A5C2E}.Debug|Win32.ActiveCfg = Debug|Win32
		{C7C45E25-5C76-4F59-AEBD-992CEC2A5C2E}.Debug|Win32.Build.0 = Debug|Win32
		{C7C45E25-5C76-4F59-AEBD-992CEC2A5C2E}.Release|Win32.ActiveCfg = Release|Win32
		{C7C45E25-5C76-4F59-AEBD-992CEC2A5C2E}.Release|Win32.Build.0 = Release|Win32
		{D0EC862E-DDDD-4F4F-934F-B75DC9062DC1}.Debug|Win32.ActiveCfg = Debug|Win32
		{D0EC862E-DDDD-4F4F-934F-B75DC9062DC1}.Debug|Win32.Build.0 = Debug|Win32
		{D0EC862E-DDDD-4F4F-934F-B75DC9062DC1}.Release|Win32.ActiveCfg = Release|Win32
		{D0EC862E-DDDD-4F4F-934F-B75DC9062DC1}.Release|Win32.Build.0 = Release|Win32
	EndGlobalSection
	GlobalSection(SolutionProperties) = preSolution
		HideSolutionNode = FALSE
	EndGlobalSection
EndGlobal
